{
  "requires": true,
  "lockfileVersion": 1,
  "dependencies": {
    "dropzone": {
      "version": "5.0.0",
      "resolved": "https://registry.npmjs.org/dropzone/-/dropzone-5.0.0.tgz",
      "integrity": "sha512-eieY+GHS/lu+EF+Oo2wAlU8nCcCCTz+Q6AZP51axKT8RhunRPiJyFNRinVTLEBI9xvYs3W4SegU8X749cOIdAA=="
    }
  }
}
